{
  "name": "sql_book",
  "lockfileVersion": 3,
  "requires": true,
  "packages": {
    "": {
      "dependencies": {
        "@antonz/codapi": "^0.20.0",
        "@electric-sql/pglite": "^0.3.15"
      }
    },
    "node_modules/@antonz/codapi": {
      "version": "0.20.0",
      "resolved": "https://registry.npmjs.org/@antonz/codapi/-/codapi-0.20.0.tgz",
      "integrity": "sha512-oTjyebEjxj0T/Qe74/boawbtWhnsD/FNI3M+bJVHx77X5i6hg554prr2orF5CuDIR8hUuZByR3NgzbLHYHRUGw==",
      "license": "MIT"
    },
    "node_modules/@electric-sql/pglite": {
      "version": "0.3.15",
      "resolved": "https://registry.npmjs.org/@electric-sql/pglite/-/pglite-0.3.15.tgz",
      "integrity": "sha512-Cj++n1Mekf9ETfdc16TlDi+cDDQF0W7EcbyRHYOAeZdsAe8M/FJg18itDTSwyHfar2WIezawM9o0EKaRGVKygQ==",
      "license": "Apache-2.0"
    }
  }
}
