{
  "name": "sql_book",
  "lockfileVersion": 3,
  "requires": true,
  "packages": {
    "": {
      "dependencies": {
        "@antonz/codapi": "^0.20.0",
        "@electric-sql/pglite": "^0.3.15"
      }
    },
    "node_modules/@antonz/codapi": {
      "version": "0.20.0",
      "license": "MIT"
    },
    "node_modules/@electric-sql/pglite": {
      "version": "0.3.15",
      "license": "Apache-2.0"
    }
  }
}
